
Microsoft Visual Studio Solution File, Format Version 12.00
# Visual Studio 14
VisualStudioVersion = 14.0.25420.1
MinimumVisualStudioVersion = 10.0.40219.1
Project("{FAE04EC0-301F-11D3-BF4B-00C04F79EFBC}") = "FancyFormsApplication", "FancyFormsApplication\FancyFormsApplication.csproj", "{83F1DDAC-F38D-4C2D-9B72-E8C036A2D1A8}"
EndProject
Project("{FAE04EC0-301F-11D3-BF4B-00C04F79EFBC}") = "Process", "Process\Process.csproj", "{319C5308-6C74-403B-91CA-8B10AB096A9B}"
EndProject
Global
	GlobalSection(SolutionConfigurationPlatforms) = preSolution
		Debug|Any CPU = Debug|Any CPU
		Release|Any CPU = Release|Any CPU
	EndGlobalSection
	GlobalSection(ProjectConfigurationPlatforms) = postSolution
		{83F1DDAC-F38D-4C2D-9B72-E8C036A2D1A8}.Debug|Any CPU.ActiveCfg = Debug|Any CPU
		{83F1DDAC-F38D-4C2D-9B72-E8C036A2D1A8}.Debug|Any CPU.Build.0 = Debug|Any CPU
		{83F1DDAC-F38D-4C2D-9B72-E8C036A2D1A8}.Release|Any CPU.ActiveCfg = Release|Any CPU
		{83F1DDAC-F38D-4C2D-9B72-E8C036A2D1A8}.Release|Any CPU.Build.0 = Release|Any CPU
		{319C5308-6C74-403B-91CA-8B10AB096A9B}.Debug|Any CPU.ActiveCfg = Debug|Any CPU
		{319C5308-6C74-403B-91CA-8B10AB096A9B}.Debug|Any CPU.Build.0 = Debug|Any CPU
		{319C5308-6C74-403B-91CA-8B10AB096A9B}.Release|Any CPU.ActiveCfg = Release|Any CPU
		{319C5308-6C74-403B-91CA-8B10AB096A9B}.Release|Any CPU.Build.0 = Release|Any CPU
	EndGlobalSection
	GlobalSection(SolutionProperties) = preSolution
		HideSolutionNode = FALSE
	EndGlobalSection
EndGlobal
